<Solution>
  <Project Path="Assembly-CSharp.csproj" />
  <Project Path="Zenject.csproj" />
  <Project Path="SimpleInput.Runtime.csproj" />
  <Project Path="Zenject-Editor.csproj" />
  <Project Path="GamePush.csproj" />
  <Project Path="GamePush.Data.csproj" />
  <Project Path="Assembly-CSharp-Editor.csproj" />
  <Project Path="Assembly-CSharp-firstpass.csproj" />
  <Project Path="GamePush.Editor.csproj" />
  <Project Path="SimpleInput.Editor.csproj" />
</Solution>
